
Microsoft Visual Studio Solution File, Format Version 12.00
# Visual Studio Version 17
VisualStudioVersion = 17.14.36327.8
MinimumVisualStudioVersion = 10.0.40219.1
Project("{FAE04EC0-301F-11D3-BF4B-00C04F79EFBC}") = "CryptoBack", "CryptoBack.csproj", "{E95CAD7E-CBDF-40E3-123C-CDEF68996260}"
EndProject
Global
	GlobalSection(SolutionConfigurationPlatforms) = preSolution
		Debug|Any CPU = Debug|Any CPU
		Release|Any CPU = Release|Any CPU
	EndGlobalSection
	GlobalSection(ProjectConfigurationPlatforms) = postSolution
		{E95CAD7E-CBDF-40E3-123C-CDEF68996260}.Debug|Any CPU.ActiveCfg = Debug|Any CPU
		{E95CAD7E-CBDF-40E3-123C-CDEF68996260}.Debug|Any CPU.Build.0 = Debug|Any CPU
		{E95CAD7E-CBDF-40E3-123C-CDEF68996260}.Release|Any CPU.ActiveCfg = Release|Any CPU
		{E95CAD7E-CBDF-40E3-123C-CDEF68996260}.Release|Any CPU.Build.0 = Release|Any CPU
	EndGlobalSection
	GlobalSection(SolutionProperties) = preSolution
		HideSolutionNode = FALSE
	EndGlobalSection
	GlobalSection(ExtensibilityGlobals) = postSolution
		SolutionGuid = {FB6F679D-65D1-4923-8F2A-12490C072C12}
	EndGlobalSection
EndGlobal
